// !$*UTF8*$!
{
	archiveVersion = 1;
	classes = {
	};
	objectVersion = 56;
	objects = {

/* Begin PBXBuildFile section */
		1F7442FD2A72CADB005A5CB3 /* AppDelegate.swift in Sources */ = {isa = PBXBuildFile; fileRef = 1F7442FC2A72CADB005A5CB3 /* AppDelegate.swift */; };
		1F7442FF2A72CADB005A5CB3 /* SceneDelegate.swift in Sources */ = {isa = PBXBuildFile; fileRef = 1F7442FE2A72CADB005A5CB3 /* SceneDelegate.swift */; };
		1F7443012A72CADB005A5CB3 /* ViewController.swift in Sources */ = {isa = PBXBuildFile; fileRef = 1F7443002A72CADB005A5CB3 /* ViewController.swift */; };
		1F7443042A72CADB005A5CB3 /* Main.storyboard in Resources */ = {isa = PBXBuildFile; fileRef = 1F7443022A72CADB005A5CB3 /* Main.storyboard */; };
		1F7443062A72CADC005A5CB3 /* Assets.xcassets in Resources */ = {isa = PBXBuildFile; fileRef = 1F7443052A72CADC005A5CB3 /* Assets.xcassets */; };
		1F7443092A72CADC005A5CB3 /* LaunchScreen.storyboard in Resources */ = {isa = PBXBuildFile; fileRef = 1F7443072A72CADC005A5CB3 /* LaunchScreen.storyboard */; };
		1F7443142A72CADD005A5CB3 /* CollectionTests.swift in Sources */ = {isa = PBXBuildFile; fileRef = 1F7443132A72CADD005A5CB3 /* CollectionTests.swift */; };
		1F74431E2A72CADD005A5CB3 /* CollectionUITests.swift in Sources */ = {isa = PBXBuildFile; fileRef = 1F74431D2A72CADD005A5CB3 /* CollectionUITests.swift */; };
		1F7443202A72CADD005A5CB3 /* CollectionUITestsLaunchTests.swift in Sources */ = {isa = PBXBuildFile; fileRef = 1F74431F2A72CADD005A5CB3 /* CollectionUITestsLaunchTests.swift */; };
		1F74432E2A72CB50005A5CB3 /* CustomCollectionViewCell.swift in Sources */ = {isa = PBXBuildFile; fileRef = 1F74432C2A72CB50005A5CB3 /* CustomCollectionViewCell.swift */; };
		1F74432F2A72CB50005A5CB3 /* CustomCollectionViewCell.xib in Resources */ = {isa = PBXBuildFile; fileRef = 1F74432D2A72CB50005A5CB3 /* CustomCollectionViewCell.xib */; };
/* End PBXBuildFile section */

/* Begin PBXContainerItemProxy section */
		1F7443102A72CADD005A5CB3 /* PBXContainerItemProxy */ = {
			isa = PBXContainerItemProxy;
			containerPortal = 1F7442F12A72CADB005A5CB3 /* Project object */;
			proxyType = 1;
			remoteGlobalIDString = 1F7442F82A72CADB005A5CB3;
			remoteInfo = Collection;
		};
		1F74431A2A72CADD005A5CB3 /* PBXContainerItemProxy */ = {
			isa = PBXContainerItemProxy;
			containerPortal = 1F7442F12A72CADB005A5CB3 /* Project object */;
			proxyType = 1;
			remoteGlobalIDString = 1F7442F82A72CADB005A5CB3;
			remoteInfo = Collection;
		};
/* End PBXContainerItemProxy section */

/* Begin PBXFileReference section */
		1F7442F92A72CADB005A5CB3 /* Collection.app */ = {isa = PBXFileReference; explicitFileType = wrapper.application; includeInIndex = 0; path = Collection.app; sourceTree = BUILT_PRODUCTS_DIR; };
		1F7442FC2A72CADB005A5CB3 /* AppDelegate.swift */ = {isa = PBXFileReference; lastKnownFileType = sourcecode.swift; path = AppDelegate.swift; sourceTree = "<group>"; };
		1F7442FE2A72CADB005A5CB3 /* SceneDelegate.swift */ = {isa = PBXFileReference; lastKnownFileType = sourcecode.swift; path = SceneDelegate.swift; sourceTree = "<group>"; };
		1F7443002A72CADB005A5CB3 /* ViewController.swift */ = {isa = PBXFileReference; lastKnownFileType = sourcecode.swift; path = ViewController.swift; sourceTree = "<group>"; };
		1F7443032A72CADB005A5CB3 /* Base */ = {isa = PBXFileReference; lastKnownFileType = file.storyboard; name = Base; path = Base.lproj/Main.storyboard; sourceTree = "<group>"; };
		1F7443052A72CADC005A5CB3 /* Assets.xcassets */ = {isa = PBXFileReference; lastKnownFileType = folder.assetcatalog; path = Assets.xcassets; sourceTree = "<group>"; };
		1F7443082A72CADC005A5CB3 /* Base */ = {isa = PBXFileReference; lastKnownFileType = file.storyboard; name = Base; path = Base.lproj/LaunchScreen.storyboard; sourceTree = "<group>"; };
		1F74430A2A72CADC005A5CB3 /* Info.plist */ = {isa = PBXFileReference; lastKnownFileType = text.plist.xml; path = Info.plist; sourceTree = "<group>"; };
		1F74430F2A72CADD005A5CB3 /* CollectionTests.xctest */ = {isa = PBXFileReference; explicitFileType = wrapper.cfbundle; includeInIndex = 0; path = CollectionTests.xctest; sourceTree = BUILT_PRODUCTS_DIR; };
		1F7443132A72CADD005A5CB3 /* CollectionTests.swift */ = {isa = PBXFileReference; lastKnownFileType = sourcecode.swift; path = CollectionTests.swift; sourceTree = "<group>"; };
		1F7443192A72CADD005A5CB3 /* CollectionUITests.xctest */ = {isa = PBXFileReference; explicitFileType = wrapper.cfbundle; includeInIndex = 0; path = CollectionUITests.xctest; sourceTree = BUILT_PRODUCTS_DIR; };
		1F74431D2A72CADD005A5CB3 /* CollectionUITests.swift */ = {isa = PBXFileReference; lastKnownFileType = sourcecode.swift; path = CollectionUITests.swift; sourceTree = "<group>"; };
		1F74431F2A72CADD005A5CB3 /* CollectionUITestsLaunchTests.swift */ = {isa = PBXFileReference; lastKnownFileType = sourcecode.swift; path = CollectionUITestsLaunchTests.swift; sourceTree = "<group>"; };
		1F74432C2A72CB50005A5CB3 /* CustomCollectionViewCell.swift */ = {isa = PBXFileReference; lastKnownFileType = sourcecode.swift; path = CustomCollectionViewCell.swift; sourceTree = "<group>"; };
		1F74432D2A72CB50005A5CB3 /* CustomCollectionViewCell.xib */ = {isa = PBXFileReference; lastKnownFileType = file.xib; path = CustomCollectionViewCell.xib; sourceTree = "<group>"; };
/* End PBXFileReference section */

/* Begin PBXFrameworksBuildPhase section */
		1F7442F62A72CADB005A5CB3 /* Frameworks */ = {
			isa = PBXFrameworksBuildPhase;
			buildActionMask = 2147483647;
			files = (
			);
			runOnlyForDeploymentPostprocessing = 0;
		};
		1F74430C2A72CADD005A5CB3 /* Frameworks */ = {
			isa = PBXFrameworksBuildPhase;
			buildActionMask = 2147483647;
			files = (
			);
			runOnlyForDeploymentPostprocessing = 0;
		};
		1F7443162A72CADD005A5CB3 /* Frameworks */ = {
			isa = PBXFrameworksBuildPhase;
			buildActionMask = 2147483647;
			files = (
			);
			runOnlyForDeploymentPostprocessing = 0;
		};
/* End PBXFrameworksBuildPhase section */

/* Begin PBXGroup section */
		1F7442F02A72CADB005A5CB3 = {
			isa = PBXGroup;
			children = (
				1F7442FB2A72CADB005A5CB3 /* Collection */,
				1F7443122A72CADD005A5CB3 /* CollectionTests */,
				1F74431C2A72CADD005A5CB3 /* CollectionUITests */,
				1F7442FA2A72CADB005A5CB3 /* Products */,
			);
			sourceTree = "<group>";
		};
		1F7442FA2A72CADB005A5CB3 /* Products */ = {
			isa = PBXGroup;
			children = (
				1F7442F92A72CADB005A5CB3 /* Collection.app */,
				1F74430F2A72CADD005A5CB3 /* CollectionTests.xctest */,
				1F7443192A72CADD005A5CB3 /* CollectionUITests.xctest */,
			);
			name = Products;
			sourceTree = "<group>";
		};
		1F7442FB2A72CADB005A5CB3 /* Collection */ = {
			isa = PBXGroup;
			children = (
				1F7442FC2A72CADB005A5CB3 /* AppDelegate.swift */,
				1F7442FE2A72CADB005A5CB3 /* SceneDelegate.swift */,
				1F7443002A72CADB005A5CB3 /* ViewController.swift */,
				1F7443022A72CADB005A5CB3 /* Main.storyboard */,
				1F7443052A72CADC005A5CB3 /* Assets.xcassets */,
				1F7443072A72CADC005A5CB3 /* LaunchScreen.storyboard */,
				1F74430A2A72CADC005A5CB3 /* Info.plist */,
				1F74432C2A72CB50005A5CB3 /* CustomCollectionViewCell.swift */,
				1F74432D2A72CB50005A5CB3 /* CustomCollectionViewCell.xib */,
			);
			path = Collection;
			sourceTree = "<group>";
		};
		1F7443122A72CADD005A5CB3 /* CollectionTests */ = {
			isa = PBXGroup;
			children = (
				1F7443132A72CADD005A5CB3 /* CollectionTests.swift */,
			);
			path = CollectionTests;
			sourceTree = "<group>";
		};
		1F74431C2A72CADD005A5CB3 /* CollectionUITests */ = {
			isa = PBXGroup;
			children = (
				1F74431D2A72CADD005A5CB3 /* CollectionUITests.swift */,
				1F74431F2A72CADD005A5CB3 /* CollectionUITestsLaunchTests.swift */,
			);
			path = CollectionUITests;
			sourceTree = "<group>";
		};
/* End PBXGroup section */

/* Begin PBXNativeTarget section */
		1F7442F82A72CADB005A5CB3 /* Collection */ = {
			isa = PBXNativeTarget;
			buildConfigurationList = 1F7443232A72CADD005A5CB3 /* Build configuration list for PBXNativeTarget "Collection" */;
			buildPhases = (
				1F7442F52A72CADB005A5CB3 /* Sources */,
				1F7442F62A72CADB005A5CB3 /* Frameworks */,
				1F7442F72A72CADB005A5CB3 /* Resources */,
			);
			buildRules = (
			);
			dependencies = (
			);
			name = Collection;
			productName = Collection;
			productReference = 1F7442F92A72CADB005A5CB3 /* Collection.app */;
			productType = "com.apple.product-type.application";
		};
		1F74430E2A72CADD005A5CB3 /* CollectionTests */ = {
			isa = PBXNativeTarget;
			buildConfigurationList = 1F7443262A72CADD005A5CB3 /* Build configuration list for PBXNativeTarget "CollectionTests" */;
			buildPhases = (
				1F74430B2A72CADD005A5CB3 /* Sources */,
				1F74430C2A72CADD005A5CB3 /* Frameworks */,
				1F74430D2A72CADD005A5CB3 /* Resources */,
			);
			buildRules = (
			);
			dependencies = (
				1F7443112A72CADD005A5CB3 /* PBXTargetDependency */,
			);
			name = CollectionTests;
			productName = CollectionTests;
			productReference = 1F74430F2A72CADD005A5CB3 /* CollectionTests.xctest */;
			productType = "com.apple.product-type.bundle.unit-test";
		};
		1F7443182A72CADD005A5CB3 /* CollectionUITests */ = {
			isa = PBXNativeTarget;
			buildConfigurationList = 1F7443292A72CADD005A5CB3 /* Build configuration list for PBXNativeTarget "CollectionUITests" */;
			buildPhases = (
				1F7443152A72CADD005A5CB3 /* Sources */,
				1F7443162A72CADD005A5CB3 /* Frameworks */,
				1F7443172A72CADD005A5CB3 /* Resources */,
			);
			buildRules = (
			);
			dependencies = (
				1F74431B2A72CADD005A5CB3 /* PBXTargetDependency */,
			);
			name = CollectionUITests;
			productName = CollectionUITests;
			productReference = 1F7443192A72CADD005A5CB3 /* CollectionUITests.xctest */;
			productType = "com.apple.product-type.bundle.ui-testing";
		};
/* End PBXNativeTarget section */

/* Begin PBXProject section */
		1F7442F12A72CADB005A5CB3 /* Project object */ = {
			isa = PBXProject;
			attributes = {
				BuildIndependentTargetsInParallel = 1;
				LastSwiftUpdateCheck = 1420;
				LastUpgradeCheck = 1420;
				TargetAttributes = {
					1F7442F82A72CADB005A5CB3 = {
						CreatedOnToolsVersion = 14.2;
					};
					1F74430E2A72CADD005A5CB3 = {
						CreatedOnToolsVersion = 14.2;
						TestTargetID = 1F7442F82A72CADB005A5CB3;
					};
					1F7443182A72CADD005A5CB3 = {
						CreatedOnToolsVersion = 14.2;
						TestTargetID = 1F7442F82A72CADB005A5CB3;
					};
				};
			};
			buildConfigurationList = 1F7442F42A72CADB005A5CB3 /* Build configuration list for PBXProject "Collection" */;
			compatibilityVersion = "Xcode 14.0";
			developmentRegion = en;
			hasScannedForEncodings = 0;
			knownRegions = (
				en,
				Base,
			);
			mainGroup = 1F7442F02A72CADB005A5CB3;
			productRefGroup = 1F7442FA2A72CADB005A5CB3 /* Products */;
			projectDirPath = "";
			projectRoot = "";
			targets = (
				1F7442F82A72CADB005A5CB3 /* Collection */,
				1F74430E2A72CADD005A5CB3 /* CollectionTests */,
				1F7443182A72CADD005A5CB3 /* CollectionUITests */,
			);
		};
/* End PBXProject section */

/* Begin PBXResourcesBuildPhase section */
		1F7442F72A72CADB005A5CB3 /* Resources */ = {
			isa = PBXResourcesBuildPhase;
			buildActionMask = 2147483647;
			files = (
				1F7443092A72CADC005A5CB3 /* LaunchScreen.storyboard in Resources */,
				1F7443062A72CADC005A5CB3 /* Assets.xcassets in Resources */,
				1F7443042A72CADB005A5CB3 /* Main.storyboard in Resources */,
				1F74432F2A72CB50005A5CB3 /* CustomCollectionViewCell.xib in Resources */,
			);
			runOnlyForDeploymentPostprocessing = 0;
		};
		1F74430D2A72CADD005A5CB3 /* Resources */ = {
			isa = PBXResourcesBuildPhase;
			buildActionMask = 2147483647;
			files = (
			);
			runOnlyForDeploymentPostprocessing = 0;
		};
		1F7443172A72CADD005A5CB3 /* Resources */ = {
			isa = PBXResourcesBuildPhase;
			buildActionMask = 2147483647;
			files = (
			);
			runOnlyForDeploymentPostprocessing = 0;
		};
/* End PBXResourcesBuildPhase section */

/* Begin PBXSourcesBuildPhase section */
		1F7442F52A72CADB005A5CB3 /* Sources */ = {
			isa = PBXSourcesBuildPhase;
			buildActionMask = 2147483647;
			files = (
				1F7443012A72CADB005A5CB3 /* ViewController.swift in Sources */,
				1F7442FD2A72CADB005A5CB3 /* AppDelegate.swift in Sources */,
				1F7442FF2A72CADB005A5CB3 /* SceneDelegate.swift in Sources */,
				1F74432E2A72CB50005A5CB3 /* CustomCollectionViewCell.swift in Sources */,
			);
			runOnlyForDeploymentPostprocessing = 0;
		};
		1F74430B2A72CADD005A5CB3 /* Sources */ = {
			isa = PBXSourcesBuildPhase;
			buildActionMask = 2147483647;
			files = (
				1F7443142A72CADD005A5CB3 /* CollectionTests.swift in Sources */,
			);
			runOnlyForDeploymentPostprocessing = 0;
		};
		1F7443152A72CADD005A5CB3 /* Sources */ = {
			isa = PBXSourcesBuildPhase;
			buildActionMask = 2147483647;
			files = (
				1F7443202A72CADD005A5CB3 /* CollectionUITestsLaunchTests.swift in Sources */,
				1F74431E2A72CADD005A5CB3 /* CollectionUITests.swift in Sources */,
			);
			runOnlyForDeploymentPostprocessing = 0;
		};
/* End PBXSourcesBuildPhase section */

/* Begin PBXTargetDependency section */
		1F7443112A72CADD005A5CB3 /* PBXTargetDependency */ = {
			isa = PBXTargetDependency;
			target = 1F7442F82A72CADB005A5CB3 /* Collection */;
			targetProxy = 1F7443102A72CADD005A5CB3 /* PBXContainerItemProxy */;
		};
		1F74431B2A72CADD005A5CB3 /* PBXTargetDependency */ = {
			isa = PBXTargetDependency;
			target = 1F7442F82A72CADB005A5CB3 /* Collection */;
			targetProxy = 1F74431A2A72CADD005A5CB3 /* PBXContainerItemProxy */;
		};
/* End PBXTargetDependency section */

/* Begin PBXVariantGroup section */
		1F7443022A72CADB005A5CB3 /* Main.storyboard */ = {
			isa = PBXVariantGroup;
			children = (
				1F7443032A72CADB005A5CB3 /* Base */,
			);
			name = Main.storyboard;
			sourceTree = "<group>";
		};
		1F7443072A72CADC005A5CB3 /* LaunchScreen.storyboard */ = {
			isa = PBXVariantGroup;
			children = (
				1F7443082A72CADC005A5CB3 /* Base */,
			);
			name = LaunchScreen.storyboard;
			sourceTree = "<group>";
		};
/* End PBXVariantGroup section */

/* Begin XCBuildConfiguration section */
		1F7443212A72CADD005A5CB3 /* Debug */ = {
			isa = XCBuildConfiguration;
			buildSettings = {
				ALWAYS_SEARCH_USER_PATHS = NO;
				CLANG_ANALYZER_NONNULL = YES;
				CLANG_ANALYZER_NUMBER_OBJECT_CONVERSION = YES_AGGRESSIVE;
				CLANG_CXX_LANGUAGE_STANDARD = "gnu++20";
				CLANG_ENABLE_MODULES = YES;
				CLANG_ENABLE_OBJC_ARC = YES;
				CLANG_ENABLE_OBJC_WEAK = YES;
				CLANG_WARN_BLOCK_CAPTURE_AUTORELEASING = YES;
				CLANG_WARN_BOOL_CONVERSION = YES;
				CLANG_WARN_COMMA = YES;
				CLANG_WARN_CONSTANT_CONVERSION = YES;
				CLANG_WARN_DEPRECATED_OBJC_IMPLEMENTATIONS = YES;
				CLANG_WARN_DIRECT_OBJC_ISA_USAGE = YES_ERROR;
				CLANG_WARN_DOCUMENTATION_COMMENTS = YES;
				CLANG_WARN_EMPTY_BODY = YES;
				CLANG_WARN_ENUM_CONVERSION = YES;
				CLANG_WARN_INFINITE_RECURSION = YES;
				CLANG_WARN_INT_CONVERSION = YES;
				CLANG_WARN_NON_LITERAL_NULL_CONVERSION = YES;
				CLANG_WARN_OBJC_IMPLICIT_RETAIN_SELF = YES;
				CLANG_WARN_OBJC_LITERAL_CONVERSION = YES;
				CLANG_WARN_OBJC_ROOT_CLASS = YES_ERROR;
				CLANG_WARN_QUOTED_INCLUDE_IN_FRAMEWORK_HEADER = YES;
				CLANG_WARN_RANGE_LOOP_ANALYSIS = YES;
				CLANG_WARN_STRICT_PROTOTYPES = YES;
				CLANG_WARN_SUSPICIOUS_MOVE = YES;
				CLANG_WARN_UNGUARDED_AVAILABILITY = YES_AGGRESSIVE;
				CLANG_WARN_UNREACHABLE_CODE = YES;
				CLANG_WARN__DUPLICATE_METHOD_MATCH = YES;
				COPY_PHASE_STRIP = NO;
				DEBUG_INFORMATION_FORMAT = dwarf;
				ENABLE_STRICT_OBJC_MSGSEND = YES;
				ENABLE_TESTABILITY = YES;
				GCC_C_LANGUAGE_STANDARD = gnu11;
				GCC_DYNAMIC_NO_PIC = NO;
				GCC_NO_COMMON_BLOCKS = YES;
				GCC_OPTIMIZATION_LEVEL = 0;
				GCC_PREPROCESSOR_DEFINITIONS = (
					"DEBUG=1",
					"$(inherited)",
				);
				GCC_WARN_64_TO_32_BIT_CONVERSION = YES;
				GCC_WARN_ABOUT_RETURN_TYPE = YES_ERROR;
				GCC_WARN_UNDECLARED_SELECTOR = YES;
				GCC_WARN_UNINITIALIZED_AUTOS = YES_AGGRESSIVE;
				GCC_WARN_UNUSED_FUNCTION = YES;
				GCC_WARN_UNUSED_VARIABLE = YES;
				IPHONEOS_DEPLOYMENT_TARGET = 16.2;
				MTL_ENABLE_DEBUG_INFO = INCLUDE_SOURCE;
				MTL_FAST_MATH = YES;
				ONLY_ACTIVE_ARCH = YES;
				SDKROOT = iphoneos;
				SWIFT_ACTIVE_COMPILATION_CONDITIONS = DEBUG;
				SWIFT_OPTIMIZATION_LEVEL = "-Onone";
			};
			name = Debug;
		};
		1F7443222A72CADD005A5CB3 /* Release */ = {
			isa = XCBuildConfiguration;
			buildSettings = {
				ALWAYS_SEARCH_USER_PATHS = NO;
				CLANG_ANALYZER_NONNULL = YES;
				CLANG_ANALYZER_NUMBER_OBJECT_CONVERSION = YES_AGGRESSIVE;
				CLANG_CXX_LANGUAGE_STANDARD = "gnu++20";
				CLANG_ENABLE_MODULES = YES;
				CLANG_ENABLE_OBJC_ARC = YES;
				CLANG_ENABLE_OBJC_WEAK = YES;
				CLANG_WARN_BLOCK_CAPTURE_AUTORELEASING = YES;
				CLANG_WARN_BOOL_CONVERSION = YES;
				CLANG_WARN_COMMA = YES;
				CLANG_WARN_CONSTANT_CONVERSION = YES;
				CLANG_WARN_DEPRECATED_OBJC_IMPLEMENTATIONS = YES;
				CLANG_WARN_DIRECT_OBJC_ISA_USAGE = YES_ERROR;
				CLANG_WARN_DOCUMENTATION_COMMENTS = YES;
				CLANG_WARN_EMPTY_BODY = YES;
				CLANG_WARN_ENUM_CONVERSION = YES;
				CLANG_WARN_INFINITE_RECURSION = YES;
				CLANG_WARN_INT_CONVERSION = YES;
				CLANG_WARN_NON_LITERAL_NULL_CONVERSION = YES;
				CLANG_WARN_OBJC_IMPLICIT_RETAIN_SELF = YES;
				CLANG_WARN_OBJC_LITERAL_CONVERSION = YES;
				CLANG_WARN_OBJC_ROOT_CLASS = YES_ERROR;
				CLANG_WARN_QUOTED_INCLUDE_IN_FRAMEWORK_HEADER = YES;
				CLANG_WARN_RANGE_LOOP_ANALYSIS = YES;
				CLANG_WARN_STRICT_PROTOTYPES = YES;
				CLANG_WARN_SUSPICIOUS_MOVE = YES;
				CLANG_WARN_UNGUARDED_AVAILABILITY = YES_AGGRESSIVE;
				CLANG_WARN_UNREACHABLE_CODE = YES;
				CLANG_WARN__DUPLICATE_METHOD_MATCH = YES;
				COPY_PHASE_STRIP = NO;
				DEBUG_INFORMATION_FORMAT = "dwarf-with-dsym";
				ENABLE_NS_ASSERTIONS = NO;
				ENABLE_STRICT_OBJC_MSGSEND = YES;
				GCC_C_LANGUAGE_STANDARD = gnu11;
				GCC_NO_COMMON_BLOCKS = YES;
				GCC_WARN_64_TO_32_BIT_CONVERSION = YES;
				GCC_WARN_ABOUT_RETURN_TYPE = YES_ERROR;
				GCC_WARN_UNDECLARED_SELECTOR = YES;
				GCC_WARN_UNINITIALIZED_AUTOS = YES_AGGRESSIVE;
				GCC_WARN_UNUSED_FUNCTION = YES;
				GCC_WARN_UNUSED_VARIABLE = YES;
				IPHONEOS_DEPLOYMENT_TARGET = 16.2;
				MTL_ENABLE_DEBUG_INFO = NO;
				MTL_FAST_MATH = YES;
				SDKROOT = iphoneos;
				SWIFT_COMPILATION_MODE = wholemodule;
				SWIFT_OPTIMIZATION_LEVEL = "-O";
				VALIDATE_PRODUCT = YES;
			};
			name = Release;
		};
		1F7443242A72CADD005A5CB3 /* Debug */ = {
			isa = XCBuildConfiguration;
			buildSettings = {
				ASSETCATALOG_COMPILER_APPICON_NAME = AppIcon;
				ASSETCATALOG_COMPILER_GLOBAL_ACCENT_COLOR_NAME = AccentColor;
				CODE_SIGN_STYLE = Automatic;
				CURRENT_PROJECT_VERSION = 1;
				GENERATE_INFOPLIST_FILE = YES;
				INFOPLIST_FILE = Collection/Info.plist;
				INFOPLIST_KEY_UIApplicationSupportsIndirectInputEvents = YES;
				INFOPLIST_KEY_UILaunchStoryboardName = LaunchScreen;
				INFOPLIST_KEY_UIMainStoryboardFile = Main;
				INFOPLIST_KEY_UISupportedInterfaceOrientations_iPad = "UIInterfaceOrientationPortrait UIInterfaceOrientationPortraitUpsideDown UIInterfaceOrientationLandscapeLeft UIInterfaceOrientationLandscapeRight";
				INFOPLIST_KEY_UISupportedInterfaceOrientations_iPhone = "UIInterfaceOrientationPortrait UIInterfaceOrientationLandscapeLeft UIInterfaceOrientationLandscapeRight";
				LD_RUNPATH_SEARCH_PATHS = (
					"$(inherited)",
					"@executable_path/Frameworks",
				);
				MARKETING_VERSION = 1.0;
				PRODUCT_BUNDLE_IDENTIFIER = ganeshrajugalla.Collection;
				PRODUCT_NAME = "$(TARGET_NAME)";
				SWIFT_EMIT_LOC_STRINGS = YES;
				SWIFT_VERSION = 5.0;
				TARGETED_DEVICE_FAMILY = "1,2";
			};
			name = Debug;
		};
		1F7443252A72CADD005A5CB3 /* Release */ = {
			isa = XCBuildConfiguration;
			buildSettings = {
				ASSETCATALOG_COMPILER_APPICON_NAME = AppIcon;
				ASSETCATALOG_COMPILER_GLOBAL_ACCENT_COLOR_NAME = AccentColor;
				CODE_SIGN_STYLE = Automatic;
				CURRENT_PROJECT_VERSION = 1;
				GENERATE_INFOPLIST_FILE = YES;
				INFOPLIST_FILE = Collection/Info.plist;
				INFOPLIST_KEY_UIApplicationSupportsIndirectInputEvents = YES;
				INFOPLIST_KEY_UILaunchStoryboardName = LaunchScreen;
				INFOPLIST_KEY_UIMainStoryboardFile = Main;
				INFOPLIST_KEY_UISupportedInterfaceOrientations_iPad = "UIInterfaceOrientationPortrait UIInterfaceOrientationPortraitUpsideDown UIInterfaceOrientationLandscapeLeft UIInterfaceOrientationLandscapeRight";
				INFOPLIST_KEY_UISupportedInterfaceOrientations_iPhone = "UIInterfaceOrientationPortrait UIInterfaceOrientationLandscapeLeft UIInterfaceOrientationLandscapeRight";
				LD_RUNPATH_SEARCH_PATHS = (
					"$(inherited)",
					"@executable_path/Frameworks",
				);
				MARKETING_VERSION = 1.0;
				PRODUCT_BUNDLE_IDENTIFIER = ganeshrajugalla.Collection;
				PRODUCT_NAME = "$(TARGET_NAME)";
				SWIFT_EMIT_LOC_STRINGS = YES;
				SWIFT_VERSION = 5.0;
				TARGETED_DEVICE_FAMILY = "1,2";
			};
			name = Release;
		};
		1F7443272A72CADD005A5CB3 /* Debug */ = {
			isa = XCBuildConfiguration;
			buildSettings = {
				ALWAYS_EMBED_SWIFT_STANDARD_LIBRARIES = YES;
				BUNDLE_LOADER = "$(TEST_HOST)";
				CODE_SIGN_STYLE = Automatic;
				CURRENT_PROJECT_VERSION = 1;
				GENERATE_INFOPLIST_FILE = YES;
				IPHONEOS_DEPLOYMENT_TARGET = 16.2;
				MARKETING_VERSION = 1.0;
				PRODUCT_BUNDLE_IDENTIFIER = ganeshrajugalla.CollectionTests;
				PRODUCT_NAME = "$(TARGET_NAME)";
				SWIFT_EMIT_LOC_STRINGS = NO;
				SWIFT_VERSION = 5.0;
				TARGETED_DEVICE_FAMILY = "1,2";
				TEST_HOST = "$(BUILT_PRODUCTS_DIR)/Collection.app/$(BUNDLE_EXECUTABLE_FOLDER_PATH)/Collection";
			};
			name = Debug;
		};
		1F7443282A72CADD005A5CB3 /* Release */ = {
			isa = XCBuildConfiguration;
			buildSettings = {
				ALWAYS_EMBED_SWIFT_STANDARD_LIBRARIES = YES;
				BUNDLE_LOADER = "$(TEST_HOST)";
				CODE_SIGN_STYLE = Automatic;
				CURRENT_PROJECT_VERSION = 1;
				GENERATE_INFOPLIST_FILE = YES;
				IPHONEOS_DEPLOYMENT_TARGET = 16.2;
				MARKETING_VERSION = 1.0;
				PRODUCT_BUNDLE_IDENTIFIER = ganeshrajugalla.CollectionTests;
				PRODUCT_NAME = "$(TARGET_NAME)";
				SWIFT_EMIT_LOC_STRINGS = NO;
				SWIFT_VERSION = 5.0;
				TARGETED_DEVICE_FAMILY = "1,2";
				TEST_HOST = "$(BUILT_PRODUCTS_DIR)/Collection.app/$(BUNDLE_EXECUTABLE_FOLDER_PATH)/Collection";
			};
			name = Release;
		};
		1F74432A2A72CADD005A5CB3 /* Debug */ = {
			isa = XCBuildConfiguration;
			buildSettings = {
				ALWAYS_EMBED_SWIFT_STANDARD_LIBRARIES = YES;
				CODE_SIGN_STYLE = Automatic;
				CURRENT_PROJECT_VERSION = 1;
				GENERATE_INFOPLIST_FILE = YES;
				MARKETING_VERSION = 1.0;
				PRODUCT_BUNDLE_IDENTIFIER = ganeshrajugalla.CollectionUITests;
				PRODUCT_NAME = "$(TARGET_NAME)";
				SWIFT_EMIT_LOC_STRINGS = NO;
				SWIFT_VERSION = 5.0;
				TARGETED_DEVICE_FAMILY = "1,2";
				TEST_TARGET_NAME = Collection;
			};
			name = Debug;
		};
		1F74432B2A72CADD005A5CB3 /* Release */ = {
			isa = XCBuildConfiguration;
			buildSettings = {
				ALWAYS_EMBED_SWIFT_STANDARD_LIBRARIES = YES;
				CODE_SIGN_STYLE = Automatic;
				CURRENT_PROJECT_VERSION = 1;
				GENERATE_INFOPLIST_FILE = YES;
				MARKETING_VERSION = 1.0;
				PRODUCT_BUNDLE_IDENTIFIER = ganeshrajugalla.CollectionUITests;
				PRODUCT_NAME = "$(TARGET_NAME)";
				SWIFT_EMIT_LOC_STRINGS = NO;
				SWIFT_VERSION = 5.0;
				TARGETED_DEVICE_FAMILY = "1,2";
				TEST_TARGET_NAME = Collection;
			};
			name = Release;
		};
/* End XCBuildConfiguration section */

/* Begin XCConfigurationList section */
		1F7442F42A72CADB005A5CB3 /* Build configuration list for PBXProject "Collection" */ = {
			isa = XCConfigurationList;
			buildConfigurations = (
				1F7443212A72CADD005A5CB3 /* Debug */,
				1F7443222A72CADD005A5CB3 /* Release */,
			);
			defaultConfigurationIsVisible = 0;
			defaultConfigurationName = Release;
		};
		1F7443232A72CADD005A5CB3 /* Build configuration list for PBXNativeTarget "Collection" */ = {
			isa = XCConfigurationList;
			buildConfigurations = (
				1F7443242A72CADD005A5CB3 /* Debug */,
				1F7443252A72CADD005A5CB3 /* Release */,
			);
			defaultConfigurationIsVisible = 0;
			defaultConfigurationName = Release;
		};
		1F7443262A72CADD005A5CB3 /* Build configuration list for PBXNativeTarget "CollectionTests" */ = {
			isa = XCConfigurationList;
			buildConfigurations = (
				1F7443272A72CADD005A5CB3 /* Debug */,
				1F7443282A72CADD005A5CB3 /* Release */,
			);
			defaultConfigurationIsVisible = 0;
			defaultConfigurationName = Release;
		};
		1F7443292A72CADD005A5CB3 /* Build configuration list for PBXNativeTarget "CollectionUITests" */ = {
			isa = XCConfigurationList;
			buildConfigurations = (
				1F74432A2A72CADD005A5CB3 /* Debug */,
				1F74432B2A72CADD005A5CB3 /* Release */,
			);
			defaultConfigurationIsVisible = 0;
			defaultConfigurationName = Release;
		};
/* End XCConfigurationList section */
	};
	rootObject = 1F7442F12A72CADB005A5CB3 /* Project object */;
}
